
Microsoft Visual Studio Solution File, Format Version 12.00
# Visual Studio Version 16
VisualStudioVersion = 16.0.30114.105
MinimumVisualStudioVersion = 10.0.40219.1
Project("{9A19103F-16F7-4668-BE54-9A1E7A4F7556}") = "Pokemon.API", "Pokemon.API\Pokemon.API.csproj", "{3A18A6DC-1433-4F88-AEBF-73D4791C5AE7}"
EndProject
Project("{FAE04EC0-301F-11D3-BF4B-00C04F79EFBC}") = "Pokemon.Application", "Pokemon.Application\Pokemon.Application.csproj", "{F8B6B2F7-2D2E-4D39-8943-063415D560A2}"
EndProject
Global
	GlobalSection(SolutionConfigurationPlatforms) = preSolution
		Debug|Any CPU = Debug|Any CPU
		Release|Any CPU = Release|Any CPU
	EndGlobalSection
	GlobalSection(ProjectConfigurationPlatforms) = postSolution
		{3A18A6DC-1433-4F88-AEBF-73D4791C5AE7}.Debug|Any CPU.ActiveCfg = Debug|Any CPU
		{3A18A6DC-1433-4F88-AEBF-73D4791C5AE7}.Debug|Any CPU.Build.0 = Debug|Any CPU
		{3A18A6DC-1433-4F88-AEBF-73D4791C5AE7}.Release|Any CPU.ActiveCfg = Release|Any CPU
		{3A18A6DC-1433-4F88-AEBF-73D4791C5AE7}.Release|Any CPU.Build.0 = Release|Any CPU
		{F8B6B2F7-2D2E-4D39-8943-063415D560A2}.Debug|Any CPU.ActiveCfg = Debug|Any CPU
		{F8B6B2F7-2D2E-4D39-8943-063415D560A2}.Debug|Any CPU.Build.0 = Debug|Any CPU
		{F8B6B2F7-2D2E-4D39-8943-063415D560A2}.Release|Any CPU.ActiveCfg = Release|Any CPU
		{F8B6B2F7-2D2E-4D39-8943-063415D560A2}.Release|Any CPU.Build.0 = Release|Any CPU
	EndGlobalSection
	GlobalSection(SolutionProperties) = preSolution
		HideSolutionNode = FALSE
	EndGlobalSection
	GlobalSection(ExtensibilityGlobals) = postSolution
		SolutionGuid = {9BE913E0-85C7-43F7-BA20-36D3D1B94EDD}
	EndGlobalSection
EndGlobal
